
Microsoft Visual Studio Solution File, Format Version 12.00
# Visual Studio 15
VisualStudioVersion = 15.0.28307.438
MinimumVisualStudioVersion = 10.0.40219.1
Project("{FAE04EC0-301F-11D3-BF4B-00C04F79EFBC}") = "CarouselViewBug.Android", "CarouselViewBug\CarouselViewBug.Android\CarouselViewBug.Android.csproj", "{20CE30EE-7762-49A4-9242-73169FA2650D}"
EndProject
Project("{FAE04EC0-301F-11D3-BF4B-00C04F79EFBC}") = "CarouselViewBug.iOS", "CarouselViewBug\CarouselViewBug.iOS\CarouselViewBug.iOS.csproj", "{F7C09892-CB88-4024-9594-A1BA10520E14}"
EndProject
Project("{FAE04EC0-301F-11D3-BF4B-00C04F79EFBC}") = "CarouselViewBug", "CarouselViewBug\CarouselViewBug\CarouselViewBug.csproj", "{10EB5841-0ACB-4F91-90A9-13F6739381AC}"
EndProject
Global
	GlobalSection(SolutionConfigurationPlatforms) = preSolution
		Ad-Hoc|Any CPU = Ad-Hoc|Any CPU
		Ad-Hoc|iPhone = Ad-Hoc|iPhone
		Ad-Hoc|iPhoneSimulator = Ad-Hoc|iPhoneSimulator
		AppStore|Any CPU = AppStore|Any CPU
		AppStore|iPhone = AppStore|iPhone
		AppStore|iPhoneSimulator = AppStore|iPhoneSimulator
		Debug|Any CPU = Debug|Any CPU
		Debug|iPhone = Debug|iPhone
		Debug|iPhoneSimulator = Debug|iPhoneSimulator
		Release|Any CPU = Release|Any CPU
		Release|iPhone = Release|iPhone
		Release|iPhoneSimulator = Release|iPhoneSimulator
	EndGlobalSection
	GlobalSection(ProjectConfigurationPlatforms) = postSolution
		{20CE30EE-7762-49A4-9242-73169FA2650D}.Ad-Hoc|Any CPU.ActiveCfg = Release|Any CPU
		{20CE30EE-7762-49A4-9242-73169FA2650D}.Ad-Hoc|Any CPU.Build.0 = Release|Any CPU
		{20CE30EE-7762-49A4-9242-73169FA2650D}.Ad-Hoc|Any CPU.Deploy.0 = Release|Any CPU
		{20CE30EE-7762-49A4-9242-73169FA2650D}.Ad-Hoc|iPhone.ActiveCfg = Release|Any CPU
		{20CE30EE-7762-49A4-9242-73169FA2650D}.Ad-Hoc|iPhone.Build.0 = Release|Any CPU
		{20CE30EE-7762-49A4-9242-73169FA2650D}.Ad-Hoc|iPhone.Deploy.0 = Release|Any CPU
		{20CE30EE-7762-49A4-9242-73169FA2650D}.Ad-Hoc|iPhoneSimulator.ActiveCfg = Release|Any CPU
		{20CE30EE-7762-49A4-9242-73169FA2650D}.Ad-Hoc|iPhoneSimulator.Build.0 = Release|Any CPU
		{20CE30EE-7762-49A4-9242-73169FA2650D}.Ad-Hoc|iPhoneSimulator.Deploy.0 = Release|Any CPU
		{20CE30EE-7762-49A4-9242-73169FA2650D}.AppStore|Any CPU.ActiveCfg = Release|Any CPU
		{20CE30EE-7762-49A4-9242-73169FA2650D}.AppStore|Any CPU.Build.0 = Release|Any CPU
		{20CE30EE-7762-49A4-9242-73169FA2650D}.AppStore|Any CPU.Deploy.0 = Release|Any CPU
		{20CE30EE-7762-49A4-9242-73169FA2650D}.AppStore|iPhone.ActiveCfg = Release|Any CPU
		{20CE30EE-7762-49A4-9242-73169FA2650D}.AppStore|iPhone.Build.0 = Release|Any CPU
		{20CE30EE-7762-49A4-9242-73169FA2650D}.AppStore|iPhone.Deploy.0 = Release|Any CPU
		{20CE30EE-7762-49A4-9242-73169FA2650D}.AppStore|iPhoneSimulator.ActiveCfg = Release|Any CPU
		{20CE30EE-7762-49A4-9242-73169FA2650D}.AppStore|iPhoneSimulator.Build.0 = Release|Any CPU
		{20CE30EE-7762-49A4-9242-73169FA2650D}.AppStore|iPhoneSimulator.Deploy.0 = Release|Any CPU
		{20CE30EE-7762-49A4-9242-73169FA2650D}.Debug|Any CPU.ActiveCfg = Debug|Any CPU
		{20CE30EE-7762-49A4-9242-73169FA2650D}.Debug|Any CPU.Build.0 = Debug|Any CPU
		{20CE30EE-7762-49A4-9242-73169FA2650D}.Debug|Any CPU.Deploy.0 = Debug|Any CPU
		{20CE30EE-7762-49A4-9242-73169FA2650D}.Debug|iPhone.ActiveCfg = Debug|Any CPU
		{20CE30EE-7762-49A4-9242-73169FA2650D}.Debug|iPhone.Build.0 = Debug|Any CPU
		{20CE30EE-7762-49A4-9242-73169FA2650D}.Debug|iPhone.Deploy.0 = Debug|Any CPU
		{20CE30EE-7762-49A4-9242-73169FA2650D}.Debug|iPhoneSimulator.ActiveCfg = Debug|Any CPU
		{20CE30EE-7762-49A4-9242-73169FA2650D}.Debug|iPhoneSimulator.Build.0 = Debug|Any CPU
		{20CE30EE-7762-49A4-9242-73169FA2650D}.Debug|iPhoneSimulator.Deploy.0 = Debug|Any CPU
		{20CE30EE-7762-49A4-9242-73169FA2650D}.Release|Any CPU.ActiveCfg = Release|Any CPU
		{20CE30EE-7762-49A4-9242-73169FA2650D}.Release|Any CPU.Build.0 = Release|Any CPU
		{20CE30EE-7762-49A4-9242-73169FA2650D}.Release|Any CPU.Deploy.0 = Release|Any CPU
		{20CE30EE-7762-49A4-9242-73169FA2650D}.Release|iPhone.ActiveCfg = Release|Any CPU
		{20CE30EE-7762-49A4-9242-73169FA2650D}.Release|iPhone.Build.0 = Release|Any CPU
		{20CE30EE-7762-49A4-9242-73169FA2650D}.Release|iPhone.Deploy.0 = Release|Any CPU
		{20CE30EE-7762-49A4-9242-73169FA2650D}.Release|iPhoneSimulator.ActiveCfg = Release|Any CPU
		{20CE30EE-7762-49A4-9242-73169FA2650D}.Release|iPhoneSimulator.Build.0 = Release|Any CPU
		{20CE30EE-7762-49A4-9242-73169FA2650D}.Release|iPhoneSimulator.Deploy.0 = Release|Any CPU
		{F7C09892-CB88-4024-9594-A1BA10520E14}.Ad-Hoc|Any CPU.ActiveCfg = Ad-Hoc|iPhone
		{F7C09892-CB88-4024-9594-A1BA10520E14}.Ad-Hoc|Any CPU.Build.0 = Ad-Hoc|iPhone
		{F7C09892-CB88-4024-9594-A1BA10520E14}.Ad-Hoc|Any CPU.Deploy.0 = Ad-Hoc|iPhone
		{F7C09892-CB88-4024-9594-A1BA10520E14}.Ad-Hoc|iPhone.ActiveCfg = Ad-Hoc|iPhone
		{F7C09892-CB88-4024-9594-A1BA10520E14}.Ad-Hoc|iPhone.Build.0 = Ad-Hoc|iPhone
		{F7C09892-CB88-4024-9594-A1BA10520E14}.Ad-Hoc|iPhone.Deploy.0 = Ad-Hoc|iPhone
		{F7C09892-CB88-4024-9594-A1BA10520E14}.Ad-Hoc|iPhoneSimulator.ActiveCfg = Ad-Hoc|iPhoneSimulator
		{F7C09892-CB88-4024-9594-A1BA10520E14}.Ad-Hoc|iPhoneSimulator.Build.0 = Ad-Hoc|iPhoneSimulator
		{F7C09892-CB88-4024-9594-A1BA10520E14}.Ad-Hoc|iPhoneSimulator.Deploy.0 = Ad-Hoc|iPhoneSimulator
		{F7C09892-CB88-4024-9594-A1BA10520E14}.AppStore|Any CPU.ActiveCfg = AppStore|iPhone
		{F7C09892-CB88-4024-9594-A1BA10520E14}.AppStore|Any CPU.Build.0 = AppStore|iPhone
		{F7C09892-CB88-4024-9594-A1BA10520E14}.AppStore|Any CPU.Deploy.0 = AppStore|iPhone
		{F7C09892-CB88-4024-9594-A1BA10520E14}.AppStore|iPhone.ActiveCfg = AppStore|iPhone
		{F7C09892-CB88-4024-9594-A1BA10520E14}.AppStore|iPhone.Build.0 = AppStore|iPhone
		{F7C09892-CB88-4024-9594-A1BA10520E14}.AppStore|iPhone.Deploy.0 = AppStore|iPhone
		{F7C09892-CB88-4024-9594-A1BA10520E14}.AppStore|iPhoneSimulator.ActiveCfg = AppStore|iPhoneSimulator
		{F7C09892-CB88-4024-9594-A1BA10520E14}.AppStore|iPhoneSimulator.Build.0 = AppStore|iPhoneSimulator
		{F7C09892-CB88-4024-9594-A1BA10520E14}.AppStore|iPhoneSimulator.Deploy.0 = AppStore|iPhoneSimulator
		{F7C09892-CB88-4024-9594-A1BA10520E14}.Debug|Any CPU.ActiveCfg = Debug|iPhoneSimulator
		{F7C09892-CB88-4024-9594-A1BA10520E14}.Debug|Any CPU.Build.0 = Debug|iPhoneSimulator
		{F7C09892-CB88-4024-9594-A1BA10520E14}.Debug|Any CPU.Deploy.0 = Debug|iPhoneSimulator
		{F7C09892-CB88-4024-9594-A1BA10520E14}.Debug|iPhone.ActiveCfg = Debug|iPhone
		{F7C09892-CB88-4024-9594-A1BA10520E14}.Debug|iPhone.Build.0 = Debug|iPhone
		{F7C09892-CB88-4024-9594-A1BA10520E14}.Debug|iPhone.Deploy.0 = Debug|iPhone
		{F7C09892-CB88-4024-9594-A1BA10520E14}.Debug|iPhoneSimulator.ActiveCfg = Debug|iPhoneSimulator
		{F7C09892-CB88-4024-9594-A1BA10520E14}.Debug|iPhoneSimulator.Build.0 = Debug|iPhoneSimulator
		{F7C09892-CB88-4024-9594-A1BA10520E14}.Debug|iPhoneSimulator.Deploy.0 = Debug|iPhoneSimulator
		{F7C09892-CB88-4024-9594-A1BA10520E14}.Release|Any CPU.ActiveCfg = Release|iPhone
		{F7C09892-CB88-4024-9594-A1BA10520E14}.Release|Any CPU.Build.0 = Release|iPhone
		{F7C09892-CB88-4024-9594-A1BA10520E14}.Release|Any CPU.Deploy.0 = Release|iPhone
		{F7C09892-CB88-4024-9594-A1BA10520E14}.Release|iPhone.ActiveCfg = Release|iPhone
		{F7C09892-CB88-4024-9594-A1BA10520E14}.Release|iPhone.Build.0 = Release|iPhone
		{F7C09892-CB88-4024-9594-A1BA10520E14}.Release|iPhone.Deploy.0 = Release|iPhone
		{F7C09892-CB88-4024-9594-A1BA10520E14}.Release|iPhoneSimulator.ActiveCfg = Release|iPhoneSimulator
		{F7C09892-CB88-4024-9594-A1BA10520E14}.Release|iPhoneSimulator.Build.0 = Release|iPhoneSimulator
		{F7C09892-CB88-4024-9594-A1BA10520E14}.Release|iPhoneSimulator.Deploy.0 = Release|iPhoneSimulator
		{10EB5841-0ACB-4F91-90A9-13F6739381AC}.Ad-Hoc|Any CPU.ActiveCfg = Debug|Any CPU
		{10EB5841-0ACB-4F91-90A9-13F6739381AC}.Ad-Hoc|Any CPU.Build.0 = Debug|Any CPU
		{10EB5841-0ACB-4F91-90A9-13F6739381AC}.Ad-Hoc|Any CPU.Deploy.0 = Debug|Any CPU
		{10EB5841-0ACB-4F91-90A9-13F6739381AC}.Ad-Hoc|iPhone.ActiveCfg = Debug|Any CPU
		{10EB5841-0ACB-4F91-90A9-13F6739381AC}.Ad-Hoc|iPhone.Build.0 = Debug|Any CPU
		{10EB5841-0ACB-4F91-90A9-13F6739381AC}.Ad-Hoc|iPhone.Deploy.0 = Debug|Any CPU
		{10EB5841-0ACB-4F91-90A9-13F6739381AC}.Ad-Hoc|iPhoneSimulator.ActiveCfg = Debug|Any CPU
		{10EB5841-0ACB-4F91-90A9-13F6739381AC}.Ad-Hoc|iPhoneSimulator.Build.0 = Debug|Any CPU
		{10EB5841-0ACB-4F91-90A9-13F6739381AC}.Ad-Hoc|iPhoneSimulator.Deploy.0 = Debug|Any CPU
		{10EB5841-0ACB-4F91-90A9-13F6739381AC}.AppStore|Any CPU.ActiveCfg = Debug|Any CPU
		{10EB5841-0ACB-4F91-90A9-13F6739381AC}.AppStore|Any CPU.Build.0 = Debug|Any CPU
		{10EB5841-0ACB-4F91-90A9-13F6739381AC}.AppStore|Any CPU.Deploy.0 = Debug|Any CPU
		{10EB5841-0ACB-4F91-90A9-13F6739381AC}.AppStore|iPhone.ActiveCfg = Debug|Any CPU
		{10EB5841-0ACB-4F91-90A9-13F6739381AC}.AppStore|iPhone.Build.0 = Debug|Any CPU
		{10EB5841-0ACB-4F91-90A9-13F6739381AC}.AppStore|iPhone.Deploy.0 = Debug|Any CPU
		{10EB5841-0ACB-4F91-90A9-13F6739381AC}.AppStore|iPhoneSimulator.ActiveCfg = Debug|Any CPU
		{10EB5841-0ACB-4F91-90A9-13F6739381AC}.AppStore|iPhoneSimulator.Build.0 = Debug|Any CPU
		{10EB5841-0ACB-4F91-90A9-13F6739381AC}.AppStore|iPhoneSimulator.Deploy.0 = Debug|Any CPU
		{10EB5841-0ACB-4F91-90A9-13F6739381AC}.Debug|Any CPU.ActiveCfg = Debug|Any CPU
		{10EB5841-0ACB-4F91-90A9-13F6739381AC}.Debug|Any CPU.Build.0 = Debug|Any CPU
		{10EB5841-0ACB-4F91-90A9-13F6739381AC}.Debug|Any CPU.Deploy.0 = Debug|Any CPU
		{10EB5841-0ACB-4F91-90A9-13F6739381AC}.Debug|iPhone.ActiveCfg = Debug|Any CPU
		{10EB5841-0ACB-4F91-90A9-13F6739381AC}.Debug|iPhone.Build.0 = Debug|Any CPU
		{10EB5841-0ACB-4F91-90A9-13F6739381AC}.Debug|iPhone.Deploy.0 = Debug|Any CPU
		{10EB5841-0ACB-4F91-90A9-13F6739381AC}.Debug|iPhoneSimulator.ActiveCfg = Debug|Any CPU
		{10EB5841-0ACB-4F91-90A9-13F6739381AC}.Debug|iPhoneSimulator.Build.0 = Debug|Any CPU
		{10EB5841-0ACB-4F91-90A9-13F6739381AC}.Debug|iPhoneSimulator.Deploy.0 = Debug|Any CPU
		{10EB5841-0ACB-4F91-90A9-13F6739381AC}.Release|Any CPU.ActiveCfg = Release|Any CPU
		{10EB5841-0ACB-4F91-90A9-13F6739381AC}.Release|Any CPU.Build.0 = Release|Any CPU
		{10EB5841-0ACB-4F91-90A9-13F6739381AC}.Release|Any CPU.Deploy.0 = Release|Any CPU
		{10EB5841-0ACB-4F91-90A9-13F6739381AC}.Release|iPhone.ActiveCfg = Release|Any CPU
		{10EB5841-0ACB-4F91-90A9-13F6739381AC}.Release|iPhone.Build.0 = Release|Any CPU
		{10EB5841-0ACB-4F91-90A9-13F6739381AC}.Release|iPhone.Deploy.0 = Release|Any CPU
		{10EB5841-0ACB-4F91-90A9-13F6739381AC}.Release|iPhoneSimulator.ActiveCfg = Release|Any CPU
		{10EB5841-0ACB-4F91-90A9-13F6739381AC}.Release|iPhoneSimulator.Build.0 = Release|Any CPU
		{10EB5841-0ACB-4F91-90A9-13F6739381AC}.Release|iPhoneSimulator.Deploy.0 = Release|Any CPU
	EndGlobalSection
	GlobalSection(SolutionProperties) = preSolution
		HideSolutionNode = FALSE
	EndGlobalSection
	GlobalSection(ExtensibilityGlobals) = postSolution
		SolutionGuid = {899C090D-2A60-40F9-BCF7-2FDF825529F8}
	EndGlobalSection
EndGlobal
